
Microsoft Visual Studio Solution File, Format Version 12.00
# Visual Studio Version 17
VisualStudioVersion = 17.0.31912.275
MinimumVisualStudioVersion = 10.0.40219.1
Project("{2150E333-8FDC-42A3-9474-1A3956D46DE8}") = "src", "src", "{84BC18EF-E5F5-4EC3-9034-7C58B657BA0A}"
EndProject
Project("{2150E333-8FDC-42A3-9474-1A3956D46DE8}") = "Building Blocks", "Building Blocks", "{391FC4F4-F099-41CD-9093-7C37FE704E76}"
EndProject
Project("{2150E333-8FDC-42A3-9474-1A3956D46DE8}") = "Web", "Web", "{66647A75-CE60-46B1-95B0-FD464C912A57}"
EndProject
Project("{2150E333-8FDC-42A3-9474-1A3956D46DE8}") = "Services", "Services", "{972B1322-BED9-4948-8579-254427FA1BF9}"
EndProject
Project("{2150E333-8FDC-42A3-9474-1A3956D46DE8}") = "Identidade", "Identidade", "{CF75B010-E3F8-4F53-9527-EA0FF85BF238}"
EndProject
Project("{2150E333-8FDC-42A3-9474-1A3956D46DE8}") = "MVC", "MVC", "{40F431F1-17A8-4591-8CED-878DE38C6668}"
EndProject
Project("{9A19103F-16F7-4668-BE54-9A1E7A4F7556}") = "NSE.WebApp.MVC", "src\web\mvc\NSE.WebApp.MVC\NSE.WebApp.MVC.csproj", "{4A95FCA1-A83C-4546-9B62-8005238FA2DC}"
EndProject
Project("{2150E333-8FDC-42A3-9474-1A3956D46DE8}") = "Core", "Core", "{B4666A7E-4B54-411A-9B77-1C5DB66BC523}"
EndProject
Project("{9A19103F-16F7-4668-BE54-9A1E7A4F7556}") = "NSE.Core", "src\building blocks\core\NSE.Core\NSE.Core.csproj", "{A9B28E83-2111-4632-997C-892F69B97DC2}"
EndProject
Project("{2150E333-8FDC-42A3-9474-1A3956D46DE8}") = "Carrinho", "Carrinho", "{3150266E-D7D7-4CEE-89A4-8806E4A39534}"
EndProject
Project("{2150E333-8FDC-42A3-9474-1A3956D46DE8}") = "Catalogo", "Catalogo", "{FCB3D58D-681E-4A61-A9B4-306B8874E164}"
EndProject
Project("{2150E333-8FDC-42A3-9474-1A3956D46DE8}") = "Cliente", "Cliente", "{C8AB4714-8C24-4C53-8608-EF25DDB53B0D}"
EndProject
Project("{2150E333-8FDC-42A3-9474-1A3956D46DE8}") = "Pagamento", "Pagamento", "{AF04A503-9FB7-4334-8C56-039F57DE9687}"
EndProject
Project("{2150E333-8FDC-42A3-9474-1A3956D46DE8}") = "Pedido", "Pedido", "{1FF0987D-AA6D-4713-ACFA-36008A3480EF}"
EndProject
Project("{9A19103F-16F7-4668-BE54-9A1E7A4F7556}") = "NSE.Catalogo.API", "src\services\catalogo\NSE.Catalogo.API\NSE.Catalogo.API.csproj", "{855B56EE-036F-4D12-8050-2238F7BBB235}"
EndProject
Project("{9A19103F-16F7-4668-BE54-9A1E7A4F7556}") = "NSE.Clientes.API", "src\services\cliente\NSE.Cliente.API\NSE.Clientes.API.csproj", "{19A34167-9562-43EF-A000-6406F9FEF6FB}"
EndProject
Project("{9A19103F-16F7-4668-BE54-9A1E7A4F7556}") = "NSE.Pagamento.API", "src\services\pagamento\NSE.Pagamento.API\NSE.Pagamento.API.csproj", "{D2703AC7-12EF-4B51-8DF8-331CE2B5676E}"
EndProject
Project("{9A19103F-16F7-4668-BE54-9A1E7A4F7556}") = "NSE.Pedido.API", "src\services\pedido\NSE.Pedido.API\NSE.Pedido.API.csproj", "{4C92D349-E2DD-4DCE-98DD-7B5A213AF5EE}"
EndProject
Project("{9A19103F-16F7-4668-BE54-9A1E7A4F7556}") = "NSE.Carrinho.API", "src\services\carrinho\NSE.Carrinho.API\NSE.Carrinho.API.csproj", "{DD12B14A-AEC7-45C4-8780-34EAFB21779D}"
EndProject
Project("{9A19103F-16F7-4668-BE54-9A1E7A4F7556}") = "NSE.Identidade.API", "src\services\identidade\NSE.Identidade.API\NSE.Identidade.API.csproj", "{F5D94EC1-9AF0-4AA3-BF73-F4AC6D209767}"
EndProject
Project("{2150E333-8FDC-42A3-9474-1A3956D46DE8}") = "Services", "Services", "{CF3B76D7-DDD0-4A92-8424-76F00CD7794C}"
EndProject
Project("{9A19103F-16F7-4668-BE54-9A1E7A4F7556}") = "NSE.WebApi.Core", "src\building blocks\services\NSE.WebApi.Core\NSE.WebApi.Core.csproj", "{6213E3B0-2045-4A8C-936A-87AD52BB04BE}"
EndProject
Global
	GlobalSection(SolutionConfigurationPlatforms) = preSolution
		Debug|Any CPU = Debug|Any CPU
		Release|Any CPU = Release|Any CPU
	EndGlobalSection
	GlobalSection(ProjectConfigurationPlatforms) = postSolution
		{4A95FCA1-A83C-4546-9B62-8005238FA2DC}.Debug|Any CPU.ActiveCfg = Debug|Any CPU
		{4A95FCA1-A83C-4546-9B62-8005238FA2DC}.Debug|Any CPU.Build.0 = Debug|Any CPU
		{4A95FCA1-A83C-4546-9B62-8005238FA2DC}.Release|Any CPU.ActiveCfg = Release|Any CPU
		{4A95FCA1-A83C-4546-9B62-8005238FA2DC}.Release|Any CPU.Build.0 = Release|Any CPU
		{A9B28E83-2111-4632-997C-892F69B97DC2}.Debug|Any CPU.ActiveCfg = Debug|Any CPU
		{A9B28E83-2111-4632-997C-892F69B97DC2}.Debug|Any CPU.Build.0 = Debug|Any CPU
		{A9B28E83-2111-4632-997C-892F69B97DC2}.Release|Any CPU.ActiveCfg = Release|Any CPU
		{A9B28E83-2111-4632-997C-892F69B97DC2}.Release|Any CPU.Build.0 = Release|Any CPU
		{855B56EE-036F-4D12-8050-2238F7BBB235}.Debug|Any CPU.ActiveCfg = Debug|Any CPU
		{855B56EE-036F-4D12-8050-2238F7BBB235}.Debug|Any CPU.Build.0 = Debug|Any CPU
		{855B56EE-036F-4D12-8050-2238F7BBB235}.Release|Any CPU.ActiveCfg = Release|Any CPU
		{855B56EE-036F-4D12-8050-2238F7BBB235}.Release|Any CPU.Build.0 = Release|Any CPU
		{19A34167-9562-43EF-A000-6406F9FEF6FB}.Debug|Any CPU.ActiveCfg = Debug|Any CPU
		{19A34167-9562-43EF-A000-6406F9FEF6FB}.Debug|Any CPU.Build.0 = Debug|Any CPU
		{19A34167-9562-43EF-A000-6406F9FEF6FB}.Release|Any CPU.ActiveCfg = Release|Any CPU
		{19A34167-9562-43EF-A000-6406F9FEF6FB}.Release|Any CPU.Build.0 = Release|Any CPU
		{D2703AC7-12EF-4B51-8DF8-331CE2B5676E}.Debug|Any CPU.ActiveCfg = Debug|Any CPU
		{D2703AC7-12EF-4B51-8DF8-331CE2B5676E}.Debug|Any CPU.Build.0 = Debug|Any CPU
		{D2703AC7-12EF-4B51-8DF8-331CE2B5676E}.Release|Any CPU.ActiveCfg = Release|Any CPU
		{D2703AC7-12EF-4B51-8DF8-331CE2B5676E}.Release|Any CPU.Build.0 = Release|Any CPU
		{4C92D349-E2DD-4DCE-98DD-7B5A213AF5EE}.Debug|Any CPU.ActiveCfg = Debug|Any CPU
		{4C92D349-E2DD-4DCE-98DD-7B5A213AF5EE}.Debug|Any CPU.Build.0 = Debug|Any CPU
		{4C92D349-E2DD-4DCE-98DD-7B5A213AF5EE}.Release|Any CPU.ActiveCfg = Release|Any CPU
		{4C92D349-E2DD-4DCE-98DD-7B5A213AF5EE}.Release|Any CPU.Build.0 = Release|Any CPU
		{DD12B14A-AEC7-45C4-8780-34EAFB21779D}.Debug|Any CPU.ActiveCfg = Debug|Any CPU
		{DD12B14A-AEC7-45C4-8780-34EAFB21779D}.Debug|Any CPU.Build.0 = Debug|Any CPU
		{DD12B14A-AEC7-45C4-8780-34EAFB21779D}.Release|Any CPU.ActiveCfg = Release|Any CPU
		{DD12B14A-AEC7-45C4-8780-34EAFB21779D}.Release|Any CPU.Build.0 = Release|Any CPU
		{F5D94EC1-9AF0-4AA3-BF73-F4AC6D209767}.Debug|Any CPU.ActiveCfg = Debug|Any CPU
		{F5D94EC1-9AF0-4AA3-BF73-F4AC6D209767}.Debug|Any CPU.Build.0 = Debug|Any CPU
		{F5D94EC1-9AF0-4AA3-BF73-F4AC6D209767}.Release|Any CPU.ActiveCfg = Release|Any CPU
		{F5D94EC1-9AF0-4AA3-BF73-F4AC6D209767}.Release|Any CPU.Build.0 = Release|Any CPU
		{6213E3B0-2045-4A8C-936A-87AD52BB04BE}.Debug|Any CPU.ActiveCfg = Debug|Any CPU
		{6213E3B0-2045-4A8C-936A-87AD52BB04BE}.Debug|Any CPU.Build.0 = Debug|Any CPU
		{6213E3B0-2045-4A8C-936A-87AD52BB04BE}.Release|Any CPU.ActiveCfg = Release|Any CPU
		{6213E3B0-2045-4A8C-936A-87AD52BB04BE}.Release|Any CPU.Build.0 = Release|Any CPU
	EndGlobalSection
	GlobalSection(SolutionProperties) = preSolution
		HideSolutionNode = FALSE
	EndGlobalSection
	GlobalSection(NestedProjects) = preSolution
		{391FC4F4-F099-41CD-9093-7C37FE704E76} = {84BC18EF-E5F5-4EC3-9034-7C58B657BA0A}
		{66647A75-CE60-46B1-95B0-FD464C912A57} = {84BC18EF-E5F5-4EC3-9034-7C58B657BA0A}
		{972B1322-BED9-4948-8579-254427FA1BF9} = {84BC18EF-E5F5-4EC3-9034-7C58B657BA0A}
		{CF75B010-E3F8-4F53-9527-EA0FF85BF238} = {972B1322-BED9-4948-8579-254427FA1BF9}
		{40F431F1-17A8-4591-8CED-878DE38C6668} = {66647A75-CE60-46B1-95B0-FD464C912A57}
		{4A95FCA1-A83C-4546-9B62-8005238FA2DC} = {40F431F1-17A8-4591-8CED-878DE38C6668}
		{B4666A7E-4B54-411A-9B77-1C5DB66BC523} = {391FC4F4-F099-41CD-9093-7C37FE704E76}
		{A9B28E83-2111-4632-997C-892F69B97DC2} = {B4666A7E-4B54-411A-9B77-1C5DB66BC523}
		{3150266E-D7D7-4CEE-89A4-8806E4A39534} = {972B1322-BED9-4948-8579-254427FA1BF9}
		{FCB3D58D-681E-4A61-A9B4-306B8874E164} = {972B1322-BED9-4948-8579-254427FA1BF9}
		{C8AB4714-8C24-4C53-8608-EF25DDB53B0D} = {972B1322-BED9-4948-8579-254427FA1BF9}
		{AF04A503-9FB7-4334-8C56-039F57DE9687} = {972B1322-BED9-4948-8579-254427FA1BF9}
		{1FF0987D-AA6D-4713-ACFA-36008A3480EF} = {972B1322-BED9-4948-8579-254427FA1BF9}
		{855B56EE-036F-4D12-8050-2238F7BBB235} = {FCB3D58D-681E-4A61-A9B4-306B8874E164}
		{19A34167-9562-43EF-A000-6406F9FEF6FB} = {C8AB4714-8C24-4C53-8608-EF25DDB53B0D}
		{D2703AC7-12EF-4B51-8DF8-331CE2B5676E} = {AF04A503-9FB7-4334-8C56-039F57DE9687}
		{4C92D349-E2DD-4DCE-98DD-7B5A213AF5EE} = {1FF0987D-AA6D-4713-ACFA-36008A3480EF}
		{DD12B14A-AEC7-45C4-8780-34EAFB21779D} = {3150266E-D7D7-4CEE-89A4-8806E4A39534}
		{F5D94EC1-9AF0-4AA3-BF73-F4AC6D209767} = {CF75B010-E3F8-4F53-9527-EA0FF85BF238}
		{CF3B76D7-DDD0-4A92-8424-76F00CD7794C} = {391FC4F4-F099-41CD-9093-7C37FE704E76}
		{6213E3B0-2045-4A8C-936A-87AD52BB04BE} = {CF3B76D7-DDD0-4A92-8424-76F00CD7794C}
	EndGlobalSection
	GlobalSection(ExtensibilityGlobals) = postSolution
		SolutionGuid = {28514272-F6C9-43D2-9BA5-2EB286D944E7}
	EndGlobalSection
EndGlobal
